{
  "name": "jungle-dom",
  "version": "0.1.0",
  "lockfileVersion": 1,
  "requires": true,
  "dependencies": {
    "jungle-core": {
      "version": "0.9.3",
      "resolved": "https://registry.npmjs.org/jungle-core/-/jungle-core-0.9.3.tgz",
      "integrity": "sha512-Vhw2/C9vJfHd3zzYGG/xPqmpfGxLFMF4ha2UdGEYH6keVWzMsgatVmHPO+tTJNlwEySFhMiPiS+ik/gRT7OumA=="
    }
  }
}
